// !$*UTF8*$!
{
	archiveVersion = 1;
	classes = {
	};
	objectVersion = 51;
	objects = {

/* Begin PBXBuildFile section */
		81766B242410A5C000E3EA02 /* GoogleService-Info.plist in Resources */ = {isa = PBXBuildFile; fileRef = 81766B232410A5C000E3EA02 /* GoogleService-Info.plist */; };
		81BA5F1124108FB30041FB78 /* AppDelegate.swift in Sources */ = {isa = PBXBuildFile; fileRef = 81BA5F1024108FB30041FB78 /* AppDelegate.swift */; };
		81BA5F1324108FB30041FB78 /* SceneDelegate.swift in Sources */ = {isa = PBXBuildFile; fileRef = 81BA5F1224108FB30041FB78 /* SceneDelegate.swift */; };
		81BA5F1524108FB30041FB78 /* LoginViewController.swift in Sources */ = {isa = PBXBuildFile; fileRef = 81BA5F1424108FB30041FB78 /* LoginViewController.swift */; };
		81BA5F1824108FB30041FB78 /* Main.storyboard in Resources */ = {isa = PBXBuildFile; fileRef = 81BA5F1624108FB30041FB78 /* Main.storyboard */; };
		81BA5F1A24108FB30041FB78 /* Assets.xcassets in Resources */ = {isa = PBXBuildFile; fileRef = 81BA5F1924108FB30041FB78 /* Assets.xcassets */; };
		81BA5F1D24108FB30041FB78 /* LaunchScreen.storyboard in Resources */ = {isa = PBXBuildFile; fileRef = 81BA5F1B24108FB30041FB78 /* LaunchScreen.storyboard */; };
		81E1D2802412200600737D75 /* User.swift in Sources */ = {isa = PBXBuildFile; fileRef = 81E1D27F2412200600737D75 /* User.swift */; };
		F1F982DCD0F0636FFE64304E /* Pods_Implude.framework in Frameworks */ = {isa = PBXBuildFile; fileRef = F33329770372753753180AFE /* Pods_Implude.framework */; };
/* End PBXBuildFile section */

/* Begin PBXFileReference section */
		6F51B4D0BCF8C18D86E1B4CA /* Pods-Implude.release.xcconfig */ = {isa = PBXFileReference; includeInIndex = 1; lastKnownFileType = text.xcconfig; name = "Pods-Implude.release.xcconfig"; path = "Target Support Files/Pods-Implude/Pods-Implude.release.xcconfig"; sourceTree = "<group>"; };
		81766B232410A5C000E3EA02 /* GoogleService-Info.plist */ = {isa = PBXFileReference; fileEncoding = 4; lastKnownFileType = text.plist.xml; path = "GoogleService-Info.plist"; sourceTree = "<group>"; };
		81BA5F0D24108FB30041FB78 /* Implude.app */ = {isa = PBXFileReference; explicitFileType = wrapper.application; includeInIndex = 0; path = Implude.app; sourceTree = BUILT_PRODUCTS_DIR; };
		81BA5F1024108FB30041FB78 /* AppDelegate.swift */ = {isa = PBXFileReference; lastKnownFileType = sourcecode.swift; path = AppDelegate.swift; sourceTree = "<group>"; };
		81BA5F1224108FB30041FB78 /* SceneDelegate.swift */ = {isa = PBXFileReference; lastKnownFileType = sourcecode.swift; path = SceneDelegate.swift; sourceTree = "<group>"; };
		81BA5F1424108FB30041FB78 /* LoginViewController.swift */ = {isa = PBXFileReference; lastKnownFileType = sourcecode.swift; path = LoginViewController.swift; sourceTree = "<group>"; };
		81BA5F1724108FB30041FB78 /* Base */ = {isa = PBXFileReference; lastKnownFileType = file.storyboard; name = Base; path = Base.lproj/Main.storyboard; sourceTree = "<group>"; };
		81BA5F1924108FB30041FB78 /* Assets.xcassets */ = {isa = PBXFileReference; lastKnownFileType = folder.assetcatalog; path = Assets.xcassets; sourceTree = "<group>"; };
		81BA5F1C24108FB30041FB78 /* Base */ = {isa = PBXFileReference; lastKnownFileType = file.storyboard; name = Base; path = Base.lproj/LaunchScreen.storyboard; sourceTree = "<group>"; };
		81BA5F1E24108FB30041FB78 /* Info.plist */ = {isa = PBXFileReference; lastKnownFileType = text.plist.xml; path = Info.plist; sourceTree = "<group>"; };
		81E1D27F2412200600737D75 /* User.swift */ = {isa = PBXFileReference; lastKnownFileType = sourcecode.swift; path = User.swift; sourceTree = "<group>"; };
		C811A26BD080611F87CF2BBC /* Pods-Implude.debug.xcconfig */ = {isa = PBXFileReference; includeInIndex = 1; lastKnownFileType = text.xcconfig; name = "Pods-Implude.debug.xcconfig"; path = "Target Support Files/Pods-Implude/Pods-Implude.debug.xcconfig"; sourceTree = "<group>"; };
		F33329770372753753180AFE /* Pods_Implude.framework */ = {isa = PBXFileReference; explicitFileType = wrapper.framework; includeInIndex = 0; path = Pods_Implude.framework; sourceTree = BUILT_PRODUCTS_DIR; };
/* End PBXFileReference section */

/* Begin PBXFrameworksBuildPhase section */
		81BA5F0A24108FB30041FB78 /* Frameworks */ = {
			isa = PBXFrameworksBuildPhase;
			buildActionMask = 2147483647;
			files = (
				F1F982DCD0F0636FFE64304E /* Pods_Implude.framework in Frameworks */,
			);
			runOnlyForDeploymentPostprocessing = 0;
		};
/* End PBXFrameworksBuildPhase section */

/* Begin PBXGroup section */
		0E47D91ACF2F59040B5AE509 /* Frameworks */ = {
			isa = PBXGroup;
			children = (
				F33329770372753753180AFE /* Pods_Implude.framework */,
			);
			name = Frameworks;
			sourceTree = "<group>";
		};
		81BA5F0424108FB30041FB78 = {
			isa = PBXGroup;
			children = (
				81BA5F0F24108FB30041FB78 /* Implude */,
				81BA5F0E24108FB30041FB78 /* Products */,
				CBEF29AA66C597D93AB52D6F /* Pods */,
				0E47D91ACF2F59040B5AE509 /* Frameworks */,
			);
			sourceTree = "<group>";
		};
		81BA5F0E24108FB30041FB78 /* Products */ = {
			isa = PBXGroup;
			children = (
				81BA5F0D24108FB30041FB78 /* Implude.app */,
			);
			name = Products;
			sourceTree = "<group>";
		};
		81BA5F0F24108FB30041FB78 /* Implude */ = {
			isa = PBXGroup;
			children = (
				81BA5F1024108FB30041FB78 /* AppDelegate.swift */,
				81BA5F1224108FB30041FB78 /* SceneDelegate.swift */,
				81BA5F1424108FB30041FB78 /* LoginViewController.swift */,
				81BA5F1624108FB30041FB78 /* Main.storyboard */,
				81BA5F1924108FB30041FB78 /* Assets.xcassets */,
				81BA5F1B24108FB30041FB78 /* LaunchScreen.storyboard */,
				81BA5F1E24108FB30041FB78 /* Info.plist */,
				81766B232410A5C000E3EA02 /* GoogleService-Info.plist */,
				81E1D27F2412200600737D75 /* User.swift */,
			);
			path = Implude;
			sourceTree = "<group>";
		};
		CBEF29AA66C597D93AB52D6F /* Pods */ = {
			isa = PBXGroup;
			children = (
				C811A26BD080611F87CF2BBC /* Pods-Implude.debug.xcconfig */,
				6F51B4D0BCF8C18D86E1B4CA /* Pods-Implude.release.xcconfig */,
			);
			path = Pods;
			sourceTree = "<group>";
		};
/* End PBXGroup section */

/* Begin PBXNativeTarget section */
		81BA5F0C24108FB30041FB78 /* Implude */ = {
			isa = PBXNativeTarget;
			buildConfigurationList = 81BA5F2124108FB30041FB78 /* Build configuration list for PBXNativeTarget "Implude" */;
			buildPhases = (
				AE907DF2C3F3435A56A0E119 /* [CP] Check Pods Manifest.lock */,
				81BA5F0924108FB30041FB78 /* Sources */,
				81BA5F0A24108FB30041FB78 /* Frameworks */,
				81BA5F0B24108FB30041FB78 /* Resources */,
				B6477D053D97F5E340237B63 /* [CP] Embed Pods Frameworks */,
				571BB0C38A193601EA278425 /* [CP] Copy Pods Resources */,
			);
			buildRules = (
			);
			dependencies = (
			);
			name = Implude;
			productName = Implude;
			productReference = 81BA5F0D24108FB30041FB78 /* Implude.app */;
			productType = "com.apple.product-type.application";
		};
/* End PBXNativeTarget section */

/* Begin PBXProject section */
		81BA5F0524108FB30041FB78 /* Project object */ = {
			isa = PBXProject;
			attributes = {
				LastSwiftUpdateCheck = 1130;
				LastUpgradeCheck = 1130;
				ORGANIZATIONNAME = Implude;
				TargetAttributes = {
					81BA5F0C24108FB30041FB78 = {
						CreatedOnToolsVersion = 11.3.1;
					};
				};
			};
			buildConfigurationList = 81BA5F0824108FB30041FB78 /* Build configuration list for PBXProject "Implude" */;
			compatibilityVersion = "Xcode 9.3";
			developmentRegion = en;
			hasScannedForEncodings = 0;
			knownRegions = (
				en,
				Base,
			);
			mainGroup = 81BA5F0424108FB30041FB78;
			productRefGroup = 81BA5F0E24108FB30041FB78 /* Products */;
			projectDirPath = "";
			projectRoot = "";
			targets = (
				81BA5F0C24108FB30041FB78 /* Implude */,
			);
		};
/* End PBXProject section */

/* Begin PBXResourcesBuildPhase section */
		81BA5F0B24108FB30041FB78 /* Resources */ = {
			isa = PBXResourcesBuildPhase;
			buildActionMask = 2147483647;
			files = (
				81BA5F1D24108FB30041FB78 /* LaunchScreen.storyboard in Resources */,
				81766B242410A5C000E3EA02 /* GoogleService-Info.plist in Resources */,
				81BA5F1A24108FB30041FB78 /* Assets.xcassets in Resources */,
				81BA5F1824108FB30041FB78 /* Main.storyboard in Resources */,
			);
			runOnlyForDeploymentPostprocessing = 0;
		};
/* End PBXResourcesBuildPhase section */

/* Begin PBXShellScriptBuildPhase section */
		571BB0C38A193601EA278425 /* [CP] Copy Pods Resources */ = {
			isa = PBXShellScriptBuildPhase;
			buildActionMask = 2147483647;
			files = (
			);
			inputFileListPaths = (
				"${PODS_ROOT}/Target Support Files/Pods-Implude/Pods-Implude-resources-${CONFIGURATION}-input-files.xcfilelist",
			);
			name = "[CP] Copy Pods Resources";
			outputFileListPaths = (
				"${PODS_ROOT}/Target Support Files/Pods-Implude/Pods-Implude-resources-${CONFIGURATION}-output-files.xcfilelist",
			);
			runOnlyForDeploymentPostprocessing = 0;
			shellPath = /bin/sh;
			shellScript = "\"${PODS_ROOT}/Target Support Files/Pods-Implude/Pods-Implude-resources.sh\"\n";
			showEnvVarsInLog = 0;
		};
		AE907DF2C3F3435A56A0E119 /* [CP] Check Pods Manifest.lock */ = {
			isa = PBXShellScriptBuildPhase;
			buildActionMask = 2147483647;
			files = (
			);
			inputFileListPaths = (
			);
			inputPaths = (
				"${PODS_PODFILE_DIR_PATH}/Podfile.lock",
				"${PODS_ROOT}/Manifest.lock",
			);
			name = "[CP] Check Pods Manifest.lock";
			outputFileListPaths = (
			);
			outputPaths = (
				"$(DERIVED_FILE_DIR)/Pods-Implude-checkManifestLockResult.txt",
			);
			runOnlyForDeploymentPostprocessing = 0;
			shellPath = /bin/sh;
			shellScript = "diff \"${PODS_PODFILE_DIR_PATH}/Podfile.lock\" \"${PODS_ROOT}/Manifest.lock\" > /dev/null\nif [ $? != 0 ] ; then\n    # print error to STDERR\n    echo \"error: The sandbox is not in sync with the Podfile.lock. Run 'pod install' or update your CocoaPods installation.\" >&2\n    exit 1\nfi\n# This output is used by Xcode 'outputs' to avoid re-running this script phase.\necho \"SUCCESS\" > \"${SCRIPT_OUTPUT_FILE_0}\"\n";
			showEnvVarsInLog = 0;
		};
		B6477D053D97F5E340237B63 /* [CP] Embed Pods Frameworks */ = {
			isa = PBXShellScriptBuildPhase;
			buildActionMask = 2147483647;
			files = (
			);
			inputFileListPaths = (
				"${PODS_ROOT}/Target Support Files/Pods-Implude/Pods-Implude-frameworks-${CONFIGURATION}-input-files.xcfilelist",
			);
			name = "[CP] Embed Pods Frameworks";
			outputFileListPaths = (
				"${PODS_ROOT}/Target Support Files/Pods-Implude/Pods-Implude-frameworks-${CONFIGURATION}-output-files.xcfilelist",
			);
			runOnlyForDeploymentPostprocessing = 0;
			shellPath = /bin/sh;
			shellScript = "\"${PODS_ROOT}/Target Support Files/Pods-Implude/Pods-Implude-frameworks.sh\"\n";
			showEnvVarsInLog = 0;
		};
/* End PBXShellScriptBuildPhase section */

/* Begin PBXSourcesBuildPhase section */
		81BA5F0924108FB30041FB78 /* Sources */ = {
			isa = PBXSourcesBuildPhase;
			buildActionMask = 2147483647;
			files = (
				81BA5F1524108FB30041FB78 /* LoginViewController.swift in Sources */,
				81BA5F1124108FB30041FB78 /* AppDelegate.swift in Sources */,
				81BA5F1324108FB30041FB78 /* SceneDelegate.swift in Sources */,
				81E1D2802412200600737D75 /* User.swift in Sources */,
			);
			runOnlyForDeploymentPostprocessing = 0;
		};
/* End PBXSourcesBuildPhase section */

/* Begin PBXVariantGroup section */
		81BA5F1624108FB30041FB78 /* Main.storyboard */ = {
			isa = PBXVariantGroup;
			children = (
				81BA5F1724108FB30041FB78 /* Base */,
			);
			name = Main.storyboard;
			sourceTree = "<group>";
		};
		81BA5F1B24108FB30041FB78 /* LaunchScreen.storyboard */ = {
			isa = PBXVariantGroup;
			children = (
				81BA5F1C24108FB30041FB78 /* Base */,
			);
			name = LaunchScreen.storyboard;
			sourceTree = "<group>";
		};
/* End PBXVariantGroup section */

/* Begin XCBuildConfiguration section */
		81BA5F1F24108FB30041FB78 /* Debug */ = {
			isa = XCBuildConfiguration;
			buildSettings = {
				ALWAYS_SEARCH_USER_PATHS = NO;
				CLANG_ANALYZER_NONNULL = YES;
				CLANG_ANALYZER_NUMBER_OBJECT_CONVERSION = YES_AGGRESSIVE;
				CLANG_CXX_LANGUAGE_STANDARD = "gnu++14";
				CLANG_CXX_LIBRARY = "libc++";
				CLANG_ENABLE_MODULES = YES;
				CLANG_ENABLE_OBJC_ARC = YES;
				CLANG_ENABLE_OBJC_WEAK = YES;
				CLANG_WARN_BLOCK_CAPTURE_AUTORELEASING = YES;
				CLANG_WARN_BOOL_CONVERSION = YES;
				CLANG_WARN_COMMA = YES;
				CLANG_WARN_CONSTANT_CONVERSION = YES;
				CLANG_WARN_DEPRECATED_OBJC_IMPLEMENTATIONS = YES;
				CLANG_WARN_DIRECT_OBJC_ISA_USAGE = YES_ERROR;
				CLANG_WARN_DOCUMENTATION_COMMENTS = YES;
				CLANG_WARN_EMPTY_BODY = YES;
				CLANG_WARN_ENUM_CONVERSION = YES;
				CLANG_WARN_INFINITE_RECURSION = YES;
				CLANG_WARN_INT_CONVERSION = YES;
				CLANG_WARN_NON_LITERAL_NULL_CONVERSION = YES;
				CLANG_WARN_OBJC_IMPLICIT_RETAIN_SELF = YES;
				CLANG_WARN_OBJC_LITERAL_CONVERSION = YES;
				CLANG_WARN_OBJC_ROOT_CLASS = YES_ERROR;
				CLANG_WARN_RANGE_LOOP_ANALYSIS = YES;
				CLANG_WARN_STRICT_PROTOTYPES = YES;
				CLANG_WARN_SUSPICIOUS_MOVE = YES;
				CLANG_WARN_UNGUARDED_AVAILABILITY = YES_AGGRESSIVE;
				CLANG_WARN_UNREACHABLE_CODE = YES;
				CLANG_WARN__DUPLICATE_METHOD_MATCH = YES;
				COPY_PHASE_STRIP = NO;
				DEBUG_INFORMATION_FORMAT = dwarf;
				ENABLE_STRICT_OBJC_MSGSEND = YES;
				ENABLE_TESTABILITY = YES;
				GCC_C_LANGUAGE_STANDARD = gnu11;
				GCC_DYNAMIC_NO_PIC = NO;
				GCC_NO_COMMON_BLOCKS = YES;
				GCC_OPTIMIZATION_LEVEL = 0;
				GCC_PREPROCESSOR_DEFINITIONS = (
					"DEBUG=1",
					"$(inherited)",
				);
				GCC_WARN_64_TO_32_BIT_CONVERSION = YES;
				GCC_WARN_ABOUT_RETURN_TYPE = YES_ERROR;
				GCC_WARN_UNDECLARED_SELECTOR = YES;
				GCC_WARN_UNINITIALIZED_AUTOS = YES_AGGRESSIVE;
				GCC_WARN_UNUSED_FUNCTION = YES;
				GCC_WARN_UNUSED_VARIABLE = YES;
				IPHONEOS_DEPLOYMENT_TARGET = 13.2;
				MTL_ENABLE_DEBUG_INFO = INCLUDE_SOURCE;
				MTL_FAST_MATH = YES;
				ONLY_ACTIVE_ARCH = YES;
				SDKROOT = iphoneos;
				SWIFT_ACTIVE_COMPILATION_CONDITIONS = DEBUG;
				SWIFT_OPTIMIZATION_LEVEL = "-Onone";
			};
			name = Debug;
		};
		81BA5F2024108FB30041FB78 /* Release */ = {
			isa = XCBuildConfiguration;
			buildSettings = {
				ALWAYS_SEARCH_USER_PATHS = NO;
				CLANG_ANALYZER_NONNULL = YES;
				CLANG_ANALYZER_NUMBER_OBJECT_CONVERSION = YES_AGGRESSIVE;
				CLANG_CXX_LANGUAGE_STANDARD = "gnu++14";
				CLANG_CXX_LIBRARY = "libc++";
				CLANG_ENABLE_MODULES = YES;
				CLANG_ENABLE_OBJC_ARC = YES;
				CLANG_ENABLE_OBJC_WEAK = YES;
				CLANG_WARN_BLOCK_CAPTURE_AUTORELEASING = YES;
				CLANG_WARN_BOOL_CONVERSION = YES;
				CLANG_WARN_COMMA = YES;
				CLANG_WARN_CONSTANT_CONVERSION = YES;
				CLANG_WARN_DEPRECATED_OBJC_IMPLEMENTATIONS = YES;
				CLANG_WARN_DIRECT_OBJC_ISA_USAGE = YES_ERROR;
				CLANG_WARN_DOCUMENTATION_COMMENTS = YES;
				CLANG_WARN_EMPTY_BODY = YES;
				CLANG_WARN_ENUM_CONVERSION = YES;
				CLANG_WARN_INFINITE_RECURSION = YES;
				CLANG_WARN_INT_CONVERSION = YES;
				CLANG_WARN_NON_LITERAL_NULL_CONVERSION = YES;
				CLANG_WARN_OBJC_IMPLICIT_RETAIN_SELF = YES;
				CLANG_WARN_OBJC_LITERAL_CONVERSION = YES;
				CLANG_WARN_OBJC_ROOT_CLASS = YES_ERROR;
				CLANG_WARN_RANGE_LOOP_ANALYSIS = YES;
				CLANG_WARN_STRICT_PROTOTYPES = YES;
				CLANG_WARN_SUSPICIOUS_MOVE = YES;
				CLANG_WARN_UNGUARDED_AVAILABILITY = YES_AGGRESSIVE;
				CLANG_WARN_UNREACHABLE_CODE = YES;
				CLANG_WARN__DUPLICATE_METHOD_MATCH = YES;
				COPY_PHASE_STRIP = NO;
				DEBUG_INFORMATION_FORMAT = "dwarf-with-dsym";
				ENABLE_NS_ASSERTIONS = NO;
				ENABLE_STRICT_OBJC_MSGSEND = YES;
				GCC_C_LANGUAGE_STANDARD = gnu11;
				GCC_NO_COMMON_BLOCKS = YES;
				GCC_WARN_64_TO_32_BIT_CONVERSION = YES;
				GCC_WARN_ABOUT_RETURN_TYPE = YES_ERROR;
				GCC_WARN_UNDECLARED_SELECTOR = YES;
				GCC_WARN_UNINITIALIZED_AUTOS = YES_AGGRESSIVE;
				GCC_WARN_UNUSED_FUNCTION = YES;
				GCC_WARN_UNUSED_VARIABLE = YES;
				IPHONEOS_DEPLOYMENT_TARGET = 13.2;
				MTL_ENABLE_DEBUG_INFO = NO;
				MTL_FAST_MATH = YES;
				SDKROOT = iphoneos;
				SWIFT_COMPILATION_MODE = wholemodule;
				SWIFT_OPTIMIZATION_LEVEL = "-O";
				VALIDATE_PRODUCT = YES;
			};
			name = Release;
		};
		81BA5F2224108FB30041FB78 /* Debug */ = {
			isa = XCBuildConfiguration;
			baseConfigurationReference = C811A26BD080611F87CF2BBC /* Pods-Implude.debug.xcconfig */;
			buildSettings = {
				ASSETCATALOG_COMPILER_APPICON_NAME = AppIcon;
				CODE_SIGN_STYLE = Automatic;
				INFOPLIST_FILE = Implude/Info.plist;
				LD_RUNPATH_SEARCH_PATHS = (
					"$(inherited)",
					"@executable_path/Frameworks",
				);
				PRODUCT_BUNDLE_IDENTIFIER = com.implude.officialapp;
				PRODUCT_NAME = "$(TARGET_NAME)";
				SWIFT_VERSION = 5.0;
				TARGETED_DEVICE_FAMILY = "1,2";
			};
			name = Debug;
		};
		81BA5F2324108FB30041FB78 /* Release */ = {
			isa = XCBuildConfiguration;
			baseConfigurationReference = 6F51B4D0BCF8C18D86E1B4CA /* Pods-Implude.release.xcconfig */;
			buildSettings = {
				ASSETCATALOG_COMPILER_APPICON_NAME = AppIcon;
				CODE_SIGN_STYLE = Automatic;
				INFOPLIST_FILE = Implude/Info.plist;
				LD_RUNPATH_SEARCH_PATHS = (
					"$(inherited)",
					"@executable_path/Frameworks",
				);
				PRODUCT_BUNDLE_IDENTIFIER = com.implude.officialapp;
				PRODUCT_NAME = "$(TARGET_NAME)";
				SWIFT_VERSION = 5.0;
				TARGETED_DEVICE_FAMILY = "1,2";
			};
			name = Release;
		};
/* End XCBuildConfiguration section */

/* Begin XCConfigurationList section */
		81BA5F0824108FB30041FB78 /* Build configuration list for PBXProject "Implude" */ = {
			isa = XCConfigurationList;
			buildConfigurations = (
				81BA5F1F24108FB30041FB78 /* Debug */,
				81BA5F2024108FB30041FB78 /* Release */,
			);
			defaultConfigurationIsVisible = 0;
			defaultConfigurationName = Release;
		};
		81BA5F2124108FB30041FB78 /* Build configuration list for PBXNativeTarget "Implude" */ = {
			isa = XCConfigurationList;
			buildConfigurations = (
				81BA5F2224108FB30041FB78 /* Debug */,
				81BA5F2324108FB30041FB78 /* Release */,
			);
			defaultConfigurationIsVisible = 0;
			defaultConfigurationName = Release;
		};
/* End XCConfigurationList section */
	};
	rootObject = 81BA5F0524108FB30041FB78 /* Project object */;
}
